
Microsoft Visual Studio Solution File, Format Version 12.00
# Visual Studio 15
VisualStudioVersion = 15.0.28010.2041
MinimumVisualStudioVersion = 10.0.40219.1
Project("{FAE04EC0-301F-11D3-BF4B-00C04F79EFBC}") = "Ads", "Ads\Ads.csproj", "{21678536-C16D-4FBA-9E78-2BE4064BB184}"
EndProject
Global
	GlobalSection(SolutionConfigurationPlatforms) = preSolution
		Debug|Any CPU = Debug|Any CPU
		Release|Any CPU = Release|Any CPU
	EndGlobalSection
	GlobalSection(ProjectConfigurationPlatforms) = postSolution
		{21678536-C16D-4FBA-9E78-2BE4064BB184}.Debug|Any CPU.ActiveCfg = Debug|Any CPU
		{21678536-C16D-4FBA-9E78-2BE4064BB184}.Debug|Any CPU.Build.0 = Debug|Any CPU
		{21678536-C16D-4FBA-9E78-2BE4064BB184}.Release|Any CPU.ActiveCfg = Release|Any CPU
		{21678536-C16D-4FBA-9E78-2BE4064BB184}.Release|Any CPU.Build.0 = Release|Any CPU
	EndGlobalSection
	GlobalSection(SolutionProperties) = preSolution
		HideSolutionNode = FALSE
	EndGlobalSection
	GlobalSection(ExtensibilityGlobals) = postSolution
		SolutionGuid = {1B5C3210-8DF9-4D45-A002-15AAEDBF37B1}
	EndGlobalSection
EndGlobal
